{
  "name": "Advise",
  "lockfileVersion": 3,
  "requires": true,
  "packages": {
    "": {
      "dependencies": {
        "chart.js": "^1.1.1",
        "framer-motion": "^11.18.1",
        "particles-bg": "^2.5.5",
        "react-chartjs": "^1.2.0",
        "react-icons": "^5.4.0",
        "react-router-dom": "^7.1.3",
        "react-scroll": "^1.9.0",
        "react-tsparticles": "^2.12.2",
        "tsparticles": "^3.7.1"
      }
    },
    "node_modules/@tsparticles/basic": {
      "version": "3.7.1",
      "resolved": "https://registry.npmjs.org/@tsparticles/basic/-/basic-3.7.1.tgz",
      "integrity": "sha512-oJMJ3qzYUROYaOEsaFXkVynxT2OTWBXbQ9MNc1bJi/bVc1VOU44VN7X/KmiZjD+w1U+Qalk6BeVvDRwpFshblw==",
      "funding": [
        {
          "type": "github",
          "url": "https://github.com/sponsors/matteobruni"
        },
        {
          "type": "github",
          "url": "https://github.com/sponsors/tsparticles"
        },
        {
          "type": "buymeacoffee",
          "url": "https://www.buymeacoffee.com/matteobruni"
        }
      ],
      "dependencies": {
        "@tsparticles/engine": "3.7.1",
        "@tsparticles/move-base": "3.7.1",
        "@tsparticles/plugin-hex-color": "3.7.1",
        "@tsparticles/plugin-hsl-color": "3.7.1",
        "@tsparticles/plugin-rgb-color": "3.7.1",
        "@tsparticles/shape-circle": "3.7.1",
        "@tsparticles/updater-color": "3.7.1",
        "@tsparticles/updater-opacity": "3.7.1",
        "@tsparticles/updater-out-modes": "3.7.1",
        "@tsparticles/updater-size": "3.7.1"
      }
    },
    "node_modules/@tsparticles/engine": {
      "version": "3.7.1",
      "resolved": "https://registry.npmjs.org/@tsparticles/engine/-/engine-3.7.1.tgz",
      "integrity": "sha512-GYzBgq/oOE9YJdOL1++MoawWmYg4AvVct6CIrJGx84ZRb3U2owYmLsRGabYl0qX1CWWOvUG569043RJmyp/vQA==",
      "funding": [
        {
          "type": "github",
          "url": "https://github.com/sponsors/matteobruni"
        },
        {
          "type": "github",
          "url": "https://github.com/sponsors/tsparticles"
        },
        {
          "type": "buymeacoffee",
          "url": "https://www.buymeacoffee.com/matteobruni"
        }
      ],
      "hasInstallScript": true
    },
    "node_modules/@tsparticles/interaction-external-attract": {
      "version": "3.7.1",
      "resolved": "https://registry.npmjs.org/@tsparticles/interaction-external-attract/-/interaction-external-attract-3.7.1.tgz",
      "integrity": "sha512-cpnMsFJ7ZJNKccpQvskKvSs1ofknByHE6FGqbEb17ij7HqvbECQOCOVKHPFnYipHe14cXor/Cd+nVisRcTASoQ==",
      "dependencies": {
        "@tsparticles/engine": "3.7.1"
      }
    },
    "node_modules/@tsparticles/interaction-external-bounce": {
      "version": "3.7.1",
      "resolved": "https://registry.npmjs.org/@tsparticles/interaction-external-bounce/-/interaction-external-bounce-3.7.1.tgz",
      "integrity": "sha512-npvU9Qt6WDonjezHqi+hWM44ga2Oh5yXdr8eSoJpvuHZrCP7rIdRSz5XseHouO1bMS9DbXk86sx4qwrhB5w58w==",
      "dependencies": {
        "@tsparticles/engine": "3.7.1"
      }
    },
    "node_modules/@tsparticles/interaction-external-bubble": {
      "version": "3.7.1",
      "resolved": "https://registry.npmjs.org/@tsparticles/interaction-external-bubble/-/interaction-external-bubble-3.7.1.tgz",
      "integrity": "sha512-WdbYL46lMfuf2g5kfVB1hhhxRBtEXDvnwz8PJwLKurSThL/27bqsqysyXsMzXtLByXUneGhtJTj4D5I5RYdgjA==",
      "dependencies": {
        "@tsparticles/engine": "3.7.1"
      }
    },
    "node_modules/@tsparticles/interaction-external-connect": {
      "version": "3.7.1",
      "resolved": "https://registry.npmjs.org/@tsparticles/interaction-external-connect/-/interaction-external-connect-3.7.1.tgz",
      "integrity": "sha512-hqx0ANIbjLIz/nxmk0LvqANBiNLLmVybbCA7N+xDHtEORvpKjNlKEvMz6Razocl6vRjoHZ/olSwcxIG84dh/cg==",
      "dependencies": {
        "@tsparticles/engine": "3.7.1"
      }
    },
    "node_modules/@tsparticles/interaction-external-grab": {
      "version": "3.7.1",
      "resolved": "https://registry.npmjs.org/@tsparticles/interaction-external-grab/-/interaction-external-grab-3.7.1.tgz",
      "integrity": "sha512-JMYpFW+7YvkpK5MYlt4Ec3Gwb5ZxS7RLVL8IRUSd5yJOw25husPTYg+FQywxrt5WhKe+tPsCAYo+uGIbTTHi9w==",
      "dependencies": {
        "@tsparticles/engine": "3.7.1"
      }
    },
    "node_modules/@tsparticles/interaction-external-pause": {
      "version": "3.7.1",
      "resolved": "https://registry.npmjs.org/@tsparticles/interaction-external-pause/-/interaction-external-pause-3.7.1.tgz",
      "integrity": "sha512-Kkp+7sCe24hawH0XvS1V6UCCuHfMvpLK7oseqSam9Gt4SyGrFvaqIXxkjXhRhn9MysJyKFPBV4/dtBM1HR9p6A==",
      "dependencies": {
        "@tsparticles/engine": "3.7.1"
      }
    },
    "node_modules/@tsparticles/interaction-external-push": {
      "version": "3.7.1",
      "resolved": "https://registry.npmjs.org/@tsparticles/interaction-external-push/-/interaction-external-push-3.7.1.tgz",
      "integrity": "sha512-4VoaR5jvXgQdB7irtq4uSZYr5c+D6TBTVEnLVpBfJhUs6jhw6mgN5g7yp5izIYkK0AlcO431MHn8dvJacvRLDw==",
      "dependencies": {
        "@tsparticles/engine": "3.7.1"
      }
    },
    "node_modules/@tsparticles/interaction-external-remove": {
      "version": "3.7.1",
      "resolved": "https://registry.npmjs.org/@tsparticles/interaction-external-remove/-/interaction-external-remove-3.7.1.tgz",
      "integrity": "sha512-FRBW7U7zD5MkO6/b7e8iSMk/UTtRLY2XiIVFZNsKri3Re3yPpvZzzd5tl2YlYGQlg1Xc+K8SJYMQQA3PtgQ/Tg==",
      "dependencies": {
        "@tsparticles/engine": "3.7.1"
      }
    },
    "node_modules/@tsparticles/interaction-external-repulse": {
      "version": "3.7.1",
      "resolved": "https://registry.npmjs.org/@tsparticles/interaction-external-repulse/-/interaction-external-repulse-3.7.1.tgz",
      "integrity": "sha512-mwM06dVmg2FEvHMQsPOfRBQWACbjf3qnelODkqI9DSVxQ0B8DESP4BYNXyraFGYv00YiPzRv5Xy/uejHdbsQUA==",
      "dependencies": {
        "@tsparticles/engine": "3.7.1"
      }
    },
    "node_modules/@tsparticles/interaction-external-slow": {
      "version": "3.7.1",
      "resolved": "https://registry.npmjs.org/@tsparticles/interaction-external-slow/-/interaction-external-slow-3.7.1.tgz",
      "integrity": "sha512-CfCAs3kUQC3pLOj0dbzn5AolQyBHgjxORLdfnYBhepvFV1BXB+4ytChRfXBzjykBPI6U+rCnw5Fk/vVjAroSFA==",
      "dependencies": {
        "@tsparticles/engine": "3.7.1"
      }
    },
    "node_modules/@tsparticles/interaction-external-trail": {
      "version": "3.7.1",
      "resolved": "https://registry.npmjs.org/@tsparticles/interaction-external-trail/-/interaction-external-trail-3.7.1.tgz",
      "integrity": "sha512-M7lNQUWP15m8YIDP/JZcZAXaVJLqdwpBs0Uv9F6dU6jsnNXwwHFVFZ+1icrnlbgl9k/Ehhodbdo5weE7GHhQhQ==",
      "dependencies": {
        "@tsparticles/engine": "3.7.1"
      }
    },
    "node_modules/@tsparticles/interaction-particles-attract": {
      "version": "3.7.1",
      "resolved": "https://registry.npmjs.org/@tsparticles/interaction-particles-attract/-/interaction-particles-attract-3.7.1.tgz",
      "integrity": "sha512-UABbBORKaiItAT8vR0t4ye2H3VE6/Ah4zcylBlnq0Jd5yDkyP4rnkwhicaY6y4Zlfwyx+0PWdAC4f/ziFAyObg==",
      "dependencies": {
        "@tsparticles/engine": "3.7.1"
      }
    },
    "node_modules/@tsparticles/interaction-particles-collisions": {
      "version": "3.7.1",
      "resolved": "https://registry.npmjs.org/@tsparticles/interaction-particles-collisions/-/interaction-particles-collisions-3.7.1.tgz",
      "integrity": "sha512-0GY9++Gn2KXViyeifXWkH7a2UO5+uRwyS1rDeTN8eleyiq2j9zQf4xztZEIft8T0hTetq2rkWxQ92j2kev6NVA==",
      "dependencies": {
        "@tsparticles/engine": "3.7.1"
      }
    },
    "node_modules/@tsparticles/interaction-particles-links": {
      "version": "3.7.1",
      "resolved": "https://registry.npmjs.org/@tsparticles/interaction-particles-links/-/interaction-particles-links-3.7.1.tgz",
      "integrity": "sha512-BxCXAAOBNmEvlyOQzwprryW8YdtMIop2v4kgSCff5MCtDwYWoQIfzaQlWbBAkD9ey6BoF8iMjhBUaY1MnDecTA==",
      "dependencies": {
        "@tsparticles/engine": "3.7.1"
      }
    },
    "node_modules/@tsparticles/move-base": {
      "version": "3.7.1",
      "resolved": "https://registry.npmjs.org/@tsparticles/move-base/-/move-base-3.7.1.tgz",
      "integrity": "sha512-LPtMHwJHhzwfRIcSAk814fY9NcRiICwaEbapaJSYyP1DwscSXqOWoyAEWwzV9hMgAcPdsED6nGeg8RCXGm58lw==",
      "dependencies": {
        "@tsparticles/engine": "3.7.1"
      }
    },
    "node_modules/@tsparticles/move-parallax": {
      "version": "3.7.1",
      "resolved": "https://registry.npmjs.org/@tsparticles/move-parallax/-/move-parallax-3.7.1.tgz",
      "integrity": "sha512-B40azo6EJyMdI+kmIxpqWDaObPwODTYLDCikzkZ73n5tS6OhFUlkz81Scfo+g1iGTdryKFygUKhVGcG1EFuA5g==",
      "dependencies": {
        "@tsparticles/engine": "3.7.1"
      }
    },
    "node_modules/@tsparticles/plugin-absorbers": {
      "version": "3.7.1",
      "resolved": "https://registry.npmjs.org/@tsparticles/plugin-absorbers/-/plugin-absorbers-3.7.1.tgz",
      "integrity": "sha512-3s+fILLV1tdKOq/bXwfoxFVbzkWwXpdWTC2C0QIP6BFwDSQqV5txluiLEf7SCf8C5etQ6dstEnOgVbdzK7+eWA==",
      "dependencies": {
        "@tsparticles/engine": "3.7.1"
      }
    },
    "node_modules/@tsparticles/plugin-easing-quad": {
      "version": "3.7.1",
      "resolved": "https://registry.npmjs.org/@tsparticles/plugin-easing-quad/-/plugin-easing-quad-3.7.1.tgz",
      "integrity": "sha512-nSwKCRe6C/noCi3dyZlm1GiQGask0aXdWDuS36b82iwzwQ01cBTXeXR25mLr4fsfMLFfYAZXyBxEMMpw3rkSiw==",
      "funding": [
        {
          "type": "github",
          "url": "https://github.com/sponsors/matteobruni"
        },
        {
          "type": "github",
          "url": "https://github.com/sponsors/tsparticles"
        },
        {
          "type": "buymeacoffee",
          "url": "https://www.buymeacoffee.com/matteobruni"
        }
      ],
      "dependencies": {
        "@tsparticles/engine": "3.7.1"
      }
    },
    "node_modules/@tsparticles/plugin-emitters": {
      "version": "3.7.1",
      "resolved": "https://registry.npmjs.org/@tsparticles/plugin-emitters/-/plugin-emitters-3.7.1.tgz",
      "integrity": "sha512-WV5Uwxp/Ckqv5kZynTj6mj13jYbQCArNLFv8ks+zjdlteoyT5EhQl4rg+TalaySCb1zCd6Fu2Scp35l3JJgbnw==",
      "dependencies": {
        "@tsparticles/engine": "3.7.1"
      }
    },
    "node_modules/@tsparticles/plugin-emitters-shape-circle": {
      "version": "3.7.1",
      "resolved": "https://registry.npmjs.org/@tsparticles/plugin-emitters-shape-circle/-/plugin-emitters-shape-circle-3.7.1.tgz",
      "integrity": "sha512-eBwktnGROkiyCvtrSwdPpoRbIjQgV/Odq//0dw8D+qUdnox6dNzzhJjz8L2LAA2kQZBqtdBqV2kcx3w5ZdqoEQ==",
      "funding": [
        {
          "type": "github",
          "url": "https://github.com/sponsors/matteobruni"
        },
        {
          "type": "github",
          "url": "https://github.com/sponsors/tsparticles"
        },
        {
          "type": "buymeacoffee",
          "url": "https://www.buymeacoffee.com/matteobruni"
        }
      ],
      "dependencies": {
        "@tsparticles/engine": "3.7.1",
        "@tsparticles/plugin-emitters": "3.7.1"
      }
    },
    "node_modules/@tsparticles/plugin-emitters-shape-square": {
      "version": "3.7.1",
      "resolved": "https://registry.npmjs.org/@tsparticles/plugin-emitters-shape-square/-/plugin-emitters-shape-square-3.7.1.tgz",
      "integrity": "sha512-nvGBsRLrkiz6Q38TJRl8Y/eu9i1ChQ9oorQydLBok+iZ6MefuOj39iYsAOkD1w9yRVrFWKHG6CR1mmJUniz/HA==",
      "funding": [
        {
          "type": "github",
          "url": "https://github.com/sponsors/matteobruni"
        },
        {
          "type": "github",
          "url": "https://github.com/sponsors/tsparticles"
        },
        {
          "type": "buymeacoffee",
          "url": "https://www.buymeacoffee.com/matteobruni"
        }
      ],
      "dependencies": {
        "@tsparticles/engine": "3.7.1",
        "@tsparticles/plugin-emitters": "3.7.1"
      }
    },
    "node_modules/@tsparticles/plugin-hex-color": {
      "version": "3.7.1",
      "resolved": "https://registry.npmjs.org/@tsparticles/plugin-hex-color/-/plugin-hex-color-3.7.1.tgz",
      "integrity": "sha512-7xu3MV8EdNNejjYyEmrq5fCDdYAcqz/9VatLpnwtwR5Q5t2qI0tD4CrcGaFfC/rTAVJacfiJe02UV/hlj03KKA==",
      "funding": [
        {
          "type": "github",
          "url": "https://github.com/sponsors/matteobruni"
        },
        {
          "type": "github",
          "url": "https://github.com/sponsors/tsparticles"
        },
        {
          "type": "buymeacoffee",
          "url": "https://www.buymeacoffee.com/matteobruni"
        }
      ],
      "dependencies": {
        "@tsparticles/engine": "3.7.1"
      }
    },
    "node_modules/@tsparticles/plugin-hsl-color": {
      "version": "3.7.1",
      "resolved": "https://registry.npmjs.org/@tsparticles/plugin-hsl-color/-/plugin-hsl-color-3.7.1.tgz",
      "integrity": "sha512-zzAI1CuoCMBJhgeYZ5Rq42nGbPg35ZzIs11eQegjsWG5Msm5QKSj60qPzERnoUcCc4HCKtIWP7rYMz6h3xpoEg==",
      "funding": [
        {
          "type": "github",
          "url": "https://github.com/sponsors/matteobruni"
        },
        {
          "type": "github",
          "url": "https://github.com/sponsors/tsparticles"
        },
        {
          "type": "buymeacoffee",
          "url": "https://www.buymeacoffee.com/matteobruni"
        }
      ],
      "dependencies": {
        "@tsparticles/engine": "3.7.1"
      }
    },
    "node_modules/@tsparticles/plugin-rgb-color": {
      "version": "3.7.1",
      "resolved": "https://registry.npmjs.org/@tsparticles/plugin-rgb-color/-/plugin-rgb-color-3.7.1.tgz",
      "integrity": "sha512-taEraTpCYR6jpjflqBL95tN0zFU8JrAChXTt8mxVn7gddxoNMHI/LGymEPRCweLukwV6GQyAGOkeGEdWDPtYTA==",
      "funding": [
        {
          "type": "github",
          "url": "https://github.com/sponsors/matteobruni"
        },
        {
          "type": "github",
          "url": "https://github.com/sponsors/tsparticles"
        },
        {
          "type": "buymeacoffee",
          "url": "https://www.buymeacoffee.com/matteobruni"
        }
      ],
      "dependencies": {
        "@tsparticles/engine": "3.7.1"
      }
    },
    "node_modules/@tsparticles/shape-circle": {
      "version": "3.7.1",
      "resolved": "https://registry.npmjs.org/@tsparticles/shape-circle/-/shape-circle-3.7.1.tgz",
      "integrity": "sha512-kmOWaUuFwuTtcCFYjuyJbdA5qDqWdGsharLalYnIczkLu2c1I8jJo/OmGePKhWn62ocu7mqKMomfElkIcw2AsA==",
      "dependencies": {
        "@tsparticles/engine": "3.7.1"
      }
    },
    "node_modules/@tsparticles/shape-emoji": {
      "version": "3.7.1",
      "resolved": "https://registry.npmjs.org/@tsparticles/shape-emoji/-/shape-emoji-3.7.1.tgz",
      "integrity": "sha512-mX18c/xhYVljS/r5Xbowzclw+1YwhtWoQFOOfkmjjZppA+RjgcwSKLvH6E20PaH1yVTjBOfSF+3POKpwsULzTg==",
      "dependencies": {
        "@tsparticles/engine": "3.7.1"
      }
    },
    "node_modules/@tsparticles/shape-image": {
      "version": "3.7.1",
      "resolved": "https://registry.npmjs.org/@tsparticles/shape-image/-/shape-image-3.7.1.tgz",
      "integrity": "sha512-eDzfkQhqLY6fb9QH2Vo9TGfdJBFFpYnojhxQxc7IdzIwOFMD3JK4B52RVl9oowR+rNE8dNp6P2L+eMAF4yld0g==",
      "dependencies": {
        "@tsparticles/engine": "3.7.1"
      }
    },
    "node_modules/@tsparticles/shape-line": {
      "version": "3.7.1",
      "resolved": "https://registry.npmjs.org/@tsparticles/shape-line/-/shape-line-3.7.1.tgz",
      "integrity": "sha512-lMPYApUpg7avxmYPfHHr4dQepZSNn/g0Q1/g2+lnTi8ZtUBiCZ2WMVy9R3GOzyozbnzigLQ6AJRnOpsUZV7H4g==",
      "dependencies": {
        "@tsparticles/engine": "3.7.1"
      }
    },
    "node_modules/@tsparticles/shape-polygon": {
      "version": "3.7.1",
      "resolved": "https://registry.npmjs.org/@tsparticles/shape-polygon/-/shape-polygon-3.7.1.tgz",
      "integrity": "sha512-5FrRfpYC3qnvV2nXBLE4Q0v+SMNWJO8xgzh6MBFwfptvqH4EOrqc/58eS5x0jlf+evwf9LjPgeGkOTcwaHHcYQ==",
      "dependencies": {
        "@tsparticles/engine": "3.7.1"
      }
    },
    "node_modules/@tsparticles/shape-square": {
      "version": "3.7.1",
      "resolved": "https://registry.npmjs.org/@tsparticles/shape-square/-/shape-square-3.7.1.tgz",
      "integrity": "sha512-7VCqbRwinjBZ+Ryme27rOtl+jKrET8qDthqZLrAoj3WONBqyt+R9q6SXAJ9WodqEX68IBvcluqbFY5qDZm8iAQ==",
      "dependencies": {
        "@tsparticles/engine": "3.7.1"
      }
    },
    "node_modules/@tsparticles/shape-star": {
      "version": "3.7.1",
      "resolved": "https://registry.npmjs.org/@tsparticles/shape-star/-/shape-star-3.7.1.tgz",
      "integrity": "sha512-3G4oipioyWKLEQYT11Sx3k6AObu3dbv/A5LRqGGTQm5IR6UACa+INwykZYI0a+MdJJMb83E0e4Fn3hlZbi0/8w==",
      "dependencies": {
        "@tsparticles/engine": "3.7.1"
      }
    },
    "node_modules/@tsparticles/shape-text": {
      "version": "3.7.1",
      "resolved": "https://registry.npmjs.org/@tsparticles/shape-text/-/shape-text-3.7.1.tgz",
      "integrity": "sha512-aU1V9O8uQQBlL0jGFh9Q0b5vQ1Ji6Oo5ptyyj5yJ5uP/ZU00L0Vhk4DNyLXpaU0+H6OBoPpCqnvEsZBB9/HmCQ==",
      "dependencies": {
        "@tsparticles/engine": "3.7.1"
      }
    },
    "node_modules/@tsparticles/slim": {
      "version": "3.7.1",
      "resolved": "https://registry.npmjs.org/@tsparticles/slim/-/slim-3.7.1.tgz",
      "integrity": "sha512-OtJEhud2KleX7OxiG2r/VYriHNIwTpFm3sPFy4EOJzAD0EW7KZoKXGpGn5gwGI1NWeB0jso92yNTrTC2ZTW0qw==",
      "funding": [
        {
          "type": "github",
          "url": "https://github.com/sponsors/matteobruni"
        },
        {
          "type": "github",
          "url": "https://github.com/sponsors/tsparticles"
        },
        {
          "type": "buymeacoffee",
          "url": "https://www.buymeacoffee.com/matteobruni"
        }
      ],
      "dependencies": {
        "@tsparticles/basic": "3.7.1",
        "@tsparticles/engine": "3.7.1",
        "@tsparticles/interaction-external-attract": "3.7.1",
        "@tsparticles/interaction-external-bounce": "3.7.1",
        "@tsparticles/interaction-external-bubble": "3.7.1",
        "@tsparticles/interaction-external-connect": "3.7.1",
        "@tsparticles/interaction-external-grab": "3.7.1",
        "@tsparticles/interaction-external-pause": "3.7.1",
        "@tsparticles/interaction-external-push": "3.7.1",
        "@tsparticles/interaction-external-remove": "3.7.1",
        "@tsparticles/interaction-external-repulse": "3.7.1",
        "@tsparticles/interaction-external-slow": "3.7.1",
        "@tsparticles/interaction-particles-attract": "3.7.1",
        "@tsparticles/interaction-particles-collisions": "3.7.1",
        "@tsparticles/interaction-particles-links": "3.7.1",
        "@tsparticles/move-parallax": "3.7.1",
        "@tsparticles/plugin-easing-quad": "3.7.1",
        "@tsparticles/shape-emoji": "3.7.1",
        "@tsparticles/shape-image": "3.7.1",
        "@tsparticles/shape-line": "3.7.1",
        "@tsparticles/shape-polygon": "3.7.1",
        "@tsparticles/shape-square": "3.7.1",
        "@tsparticles/shape-star": "3.7.1",
        "@tsparticles/updater-life": "3.7.1",
        "@tsparticles/updater-rotate": "3.7.1",
        "@tsparticles/updater-stroke-color": "3.7.1"
      }
    },
    "node_modules/@tsparticles/updater-color": {
      "version": "3.7.1",
      "resolved": "https://registry.npmjs.org/@tsparticles/updater-color/-/updater-color-3.7.1.tgz",
      "integrity": "sha512-QimV3yn17dcdJx7PpTwLtw9BhkQ0q8qFF035OdcZpnynBPAO/hg0zvSMpMGoeuDVFH02wWBy4h2/BYCv6wh6Sw==",
      "dependencies": {
        "@tsparticles/engine": "3.7.1"
      }
    },
    "node_modules/@tsparticles/updater-destroy": {
      "version": "3.7.1",
      "resolved": "https://registry.npmjs.org/@tsparticles/updater-destroy/-/updater-destroy-3.7.1.tgz",
      "integrity": "sha512-krXNoMDKyeyE/ZjQh3LVjrLYivFefQOQ9i+B7RpMe7x4h+iRgpB6npTCqidGQ82+hZ8G6xfQ9ToduebWwK4JGg==",
      "dependencies": {
        "@tsparticles/engine": "3.7.1"
      }
    },
    "node_modules/@tsparticles/updater-life": {
      "version": "3.7.1",
      "resolved": "https://registry.npmjs.org/@tsparticles/updater-life/-/updater-life-3.7.1.tgz",
      "integrity": "sha512-NY5gUrgO5AsARNC0usP9PKahXf7JCxbP/H1vzTfA0SJw4veANfWTldOvhIlcm2CHVP5P1b827p0hWsBHECwz7A==",
      "dependencies": {
        "@tsparticles/engine": "3.7.1"
      }
    },
    "node_modules/@tsparticles/updater-opacity": {
      "version": "3.7.1",
      "resolved": "https://registry.npmjs.org/@tsparticles/updater-opacity/-/updater-opacity-3.7.1.tgz",
      "integrity": "sha512-YcyviCooTv7SAKw7sxd84CfJqZ7dYPSdYZzCpedV6TKIObRiwLqXlyLXQGJ3YltghKQSCSolmVy8woWBCDm1qA==",
      "dependencies": {
        "@tsparticles/engine": "3.7.1"
      }
    },
    "node_modules/@tsparticles/updater-out-modes": {
      "version": "3.7.1",
      "resolved": "https://registry.npmjs.org/@tsparticles/updater-out-modes/-/updater-out-modes-3.7.1.tgz",
      "integrity": "sha512-Cb5sWquRtUYLSiFpmBjjYKRdpNV52diCo9+qMtK1oVlldDBhUwqO+1TQjdlaA2yl5DURlY9ZfOHXvY+IT7CHCw==",
      "dependencies": {
        "@tsparticles/engine": "3.7.1"
      }
    },
    "node_modules/@tsparticles/updater-roll": {
      "version": "3.7.1",
      "resolved": "https://registry.npmjs.org/@tsparticles/updater-roll/-/updater-roll-3.7.1.tgz",
      "integrity": "sha512-gHLRqpTGVGPJBEAIPUiYVembIn5bcaTXXxsUJEM/IN+GIOvj2uZZGZ4r2aFTA6WugqEbJsJdblDSvMfouyz7Ug==",
      "dependencies": {
        "@tsparticles/engine": "3.7.1"
      }
    },
    "node_modules/@tsparticles/updater-rotate": {
      "version": "3.7.1",
      "resolved": "https://registry.npmjs.org/@tsparticles/updater-rotate/-/updater-rotate-3.7.1.tgz",
      "integrity": "sha512-toVHwl+h6SvtA8dyxSA2kMH2QdDA71vehuAa+HoRqf1y06h5kxyYiMKZFHCqDJ6lFfRPs47MjrC9dD2bDz14MQ==",
      "dependencies": {
        "@tsparticles/engine": "3.7.1"
      }
    },
    "node_modules/@tsparticles/updater-size": {
      "version": "3.7.1",
      "resolved": "https://registry.npmjs.org/@tsparticles/updater-size/-/updater-size-3.7.1.tgz",
      "integrity": "sha512-+Y0H0PnDJVIsJ+zHTyubYu1jtRFmVnY1dAv3VCjScIDw6bcpL/ol+HrtHTGIX0WbMyUfjCyALfAoaXi/Wm8VcQ==",
      "dependencies": {
        "@tsparticles/engine": "3.7.1"
      }
    },
    "node_modules/@tsparticles/updater-stroke-color": {
      "version": "3.7.1",
      "resolved": "https://registry.npmjs.org/@tsparticles/updater-stroke-color/-/updater-stroke-color-3.7.1.tgz",
      "integrity": "sha512-VHhQkCNuxjx/Hy7A+g0Yijb24T0+wQ3jNsF/yfrR9dEdZWSBiimZLvV1bilPdAeEtieAJTAZo2VNhcD1snF0iQ==",
      "dependencies": {
        "@tsparticles/engine": "3.7.1"
      }
    },
    "node_modules/@tsparticles/updater-tilt": {
      "version": "3.7.1",
      "resolved": "https://registry.npmjs.org/@tsparticles/updater-tilt/-/updater-tilt-3.7.1.tgz",
      "integrity": "sha512-pSOXoXPre1VPKC5nC5GW0L9jw63w1dVdsDdggEau7MP9xO7trko9L/KyayBX12Y4Ief1ca12Incxxr67hw7GGA==",
      "dependencies": {
        "@tsparticles/engine": "3.7.1"
      }
    },
    "node_modules/@tsparticles/updater-twinkle": {
      "version": "3.7.1",
      "resolved": "https://registry.npmjs.org/@tsparticles/updater-twinkle/-/updater-twinkle-3.7.1.tgz",
      "integrity": "sha512-maRTqPbeZcxBK6s1ry+ih71qSVaitfP1KTrAKR38v26GMwyO6z+zYV2bu9WTRt21FRFAoxlMLWxNu21GtQoXDA==",
      "dependencies": {
        "@tsparticles/engine": "3.7.1"
      }
    },
    "node_modules/@tsparticles/updater-wobble": {
      "version": "3.7.1",
      "resolved": "https://registry.npmjs.org/@tsparticles/updater-wobble/-/updater-wobble-3.7.1.tgz",
      "integrity": "sha512-YIlNg4L0w4egQJhPLpgcvcfv9+X621+cQsrdN9sSmajxhhwtEQvQUvFUzGTcvpjVi+GcBNp0t4sCKEzoP8iaYw==",
      "dependencies": {
        "@tsparticles/engine": "3.7.1"
      }
    },
    "node_modules/@types/cookie": {
      "version": "0.6.0",
      "resolved": "https://registry.npmjs.org/@types/cookie/-/cookie-0.6.0.tgz",
      "integrity": "sha512-4Kh9a6B2bQciAhf7FSuMRRkUWecJgJu9nPnx3yzpsfXX/c50REIqpHY4C82bXP90qrLtXtkDxTZosYO3UpOwlA=="
    },
    "node_modules/chart.js": {
      "version": "1.1.1",
      "resolved": "https://registry.npmjs.org/chart.js/-/chart.js-1.1.1.tgz",
      "integrity": "sha512-1lcx4nsmYk3C50xMWFucOccdU7jh+RoHP25IiPlUoE6Qf317my+Nm48JOyPFrBRscqy6O4kkxif+omPKPkqWMA=="
    },
    "node_modules/cookie": {
      "version": "1.0.2",
      "resolved": "https://registry.npmjs.org/cookie/-/cookie-1.0.2.tgz",
      "integrity": "sha512-9Kr/j4O16ISv8zBBhJoi4bXOYNTkFLOqSL3UDB0njXxCXNezjeyVrJyGOWtgfs/q2km1gwBcfH8q1yEGoMYunA==",
      "engines": {
        "node": ">=18"
      }
    },
    "node_modules/core-js": {
      "version": "2.6.12",
      "resolved": "https://registry.npmjs.org/core-js/-/core-js-2.6.12.tgz",
      "integrity": "sha512-Kb2wC0fvsWfQrgk8HU5lW6U/Lcs8+9aaYcy4ZFc6DDlo4nZ7n70dEgE5rtR0oG6ufKDUnrwfWL1mXR5ljDatrQ==",
      "deprecated": "core-js@<3.23.3 is no longer maintained and not recommended for usage due to the number of issues. Because of the V8 engine whims, feature detection in old core-js versions could cause a slowdown up to 100x even if nothing is polyfilled. Some versions have web compatibility issues. Please, upgrade your dependencies to the actual version of core-js.",
      "hasInstallScript": true
    },
    "node_modules/create-react-class": {
      "version": "15.7.0",
      "resolved": "https://registry.npmjs.org/create-react-class/-/create-react-class-15.7.0.tgz",
      "integrity": "sha512-QZv4sFWG9S5RUvkTYWbflxeZX+JG7Cz0Tn33rQBJ+WFQTqTfUTjMjiv9tnfXazjsO5r0KhPs+AqCjyrQX6h2ng==",
      "dependencies": {
        "loose-envify": "^1.3.1",
        "object-assign": "^4.1.1"
      }
    },
    "node_modules/d": {
      "version": "1.0.2",
      "resolved": "https://registry.npmjs.org/d/-/d-1.0.2.tgz",
      "integrity": "sha512-MOqHvMWF9/9MX6nza0KgvFH4HpMU0EF5uUDXqX/BtxtU8NfB0QzRtJ8Oe/6SuS4kbhyzVJwjd97EA4PKrzJ8bw==",
      "dependencies": {
        "es5-ext": "^0.10.64",
        "type": "^2.7.2"
      },
      "engines": {
        "node": ">=0.12"
      }
    },
    "node_modules/es5-ext": {
      "version": "0.10.64",
      "resolved": "https://registry.npmjs.org/es5-ext/-/es5-ext-0.10.64.tgz",
      "integrity": "sha512-p2snDhiLaXe6dahss1LddxqEm+SkuDvV8dnIQG0MWjyHpcMNfXKPE+/Cc0y+PhxJX3A4xGNeFCj5oc0BUh6deg==",
      "hasInstallScript": true,
      "dependencies": {
        "es6-iterator": "^2.0.3",
        "es6-symbol": "^3.1.3",
        "esniff": "^2.0.1",
        "next-tick": "^1.1.0"
      },
      "engines": {
        "node": ">=0.10"
      }
    },
    "node_modules/es6-iterator": {
      "version": "2.0.3",
      "resolved": "https://registry.npmjs.org/es6-iterator/-/es6-iterator-2.0.3.tgz",
      "integrity": "sha512-zw4SRzoUkd+cl+ZoE15A9o1oQd920Bb0iOJMQkQhl3jNc03YqVjAhG7scf9C5KWRU/R13Orf588uCC6525o02g==",
      "dependencies": {
        "d": "1",
        "es5-ext": "^0.10.35",
        "es6-symbol": "^3.1.1"
      }
    },
    "node_modules/es6-map": {
      "version": "0.1.5",
      "resolved": "https://registry.npmjs.org/es6-map/-/es6-map-0.1.5.tgz",
      "integrity": "sha512-mz3UqCh0uPCIqsw1SSAkB/p0rOzF/M0V++vyN7JqlPtSW/VsYgQBvVvqMLmfBuyMzTpLnNqi6JmcSizs4jy19A==",
      "dependencies": {
        "d": "1",
        "es5-ext": "~0.10.14",
        "es6-iterator": "~2.0.1",
        "es6-set": "~0.1.5",
        "es6-symbol": "~3.1.1",
        "event-emitter": "~0.3.5"
      }
    },
    "node_modules/es6-set": {
      "version": "0.1.6",
      "resolved": "https://registry.npmjs.org/es6-set/-/es6-set-0.1.6.tgz",
      "integrity": "sha512-TE3LgGLDIBX332jq3ypv6bcOpkLO0AslAQo7p2VqX/1N46YNsvIWgvjojjSEnWEGWMhr1qUbYeTSir5J6mFHOw==",
      "dependencies": {
        "d": "^1.0.1",
        "es5-ext": "^0.10.62",
        "es6-iterator": "~2.0.3",
        "es6-symbol": "^3.1.3",
        "event-emitter": "^0.3.5",
        "type": "^2.7.2"
      },
      "engines": {
        "node": ">=0.12"
      }
    },
    "node_modules/es6-symbol": {
      "version": "3.1.4",
      "resolved": "https://registry.npmjs.org/es6-symbol/-/es6-symbol-3.1.4.tgz",
      "integrity": "sha512-U9bFFjX8tFiATgtkJ1zg25+KviIXpgRvRHS8sau3GfhVzThRQrOeksPeT0BWW2MNZs1OEWJ1DPXOQMn0KKRkvg==",
      "dependencies": {
        "d": "^1.0.2",
        "ext": "^1.7.0"
      },
      "engines": {
        "node": ">=0.12"
      }
    },
    "node_modules/esniff": {
      "version": "2.0.1",
      "resolved": "https://registry.npmjs.org/esniff/-/esniff-2.0.1.tgz",
      "integrity": "sha512-kTUIGKQ/mDPFoJ0oVfcmyJn4iBDRptjNVIzwIFR7tqWXdVI9xfA2RMwY/gbSpJG3lkdWNEjLap/NqVHZiJsdfg==",
      "dependencies": {
        "d": "^1.0.1",
        "es5-ext": "^0.10.62",
        "event-emitter": "^0.3.5",
        "type": "^2.7.2"
      },
      "engines": {
        "node": ">=0.10"
      }
    },
    "node_modules/event-emitter": {
      "version": "0.3.5",
      "resolved": "https://registry.npmjs.org/event-emitter/-/event-emitter-0.3.5.tgz",
      "integrity": "sha512-D9rRn9y7kLPnJ+hMq7S/nhvoKwwvVJahBi2BPmx3bvbsEdK3W9ii8cBSGjP+72/LnM4n6fo3+dkCX5FeTQruXA==",
      "dependencies": {
        "d": "1",
        "es5-ext": "~0.10.14"
      }
    },
    "node_modules/ext": {
      "version": "1.7.0",
      "resolved": "https://registry.npmjs.org/ext/-/ext-1.7.0.tgz",
      "integrity": "sha512-6hxeJYaL110a9b5TEJSj0gojyHQAmA2ch5Os+ySCiA1QGdS697XWY1pzsrSjqA9LDEEgdB/KypIlR59RcLuHYw==",
      "dependencies": {
        "type": "^2.7.2"
      }
    },
    "node_modules/framer-motion": {
      "version": "11.18.1",
      "resolved": "https://registry.npmjs.org/framer-motion/-/framer-motion-11.18.1.tgz",
      "integrity": "sha512-EQa8c9lWVOm4zlz14MsBJWr8woq87HsNmsBnQNvcS0hs8uzw6HtGAxZyIU7EGTVpHD1C1n01ufxRyarXcNzpPg==",
      "dependencies": {
        "motion-dom": "^11.18.1",
        "motion-utils": "^11.18.1",
        "tslib": "^2.4.0"
      },
      "peerDependencies": {
        "@emotion/is-prop-valid": "*",
        "react": "^18.0.0 || ^19.0.0",
        "react-dom": "^18.0.0 || ^19.0.0"
      },
      "peerDependenciesMeta": {
        "@emotion/is-prop-valid": {
          "optional": true
        },
        "react": {
          "optional": true
        },
        "react-dom": {
          "optional": true
        }
      }
    },
    "node_modules/js-tokens": {
      "version": "4.0.0",
      "resolved": "https://registry.npmjs.org/js-tokens/-/js-tokens-4.0.0.tgz",
      "integrity": "sha512-RdJUflcE3cUzKiMqQgsCu06FPu9UdIJO0beYbPhHN4k6apgJtifcoCtT9bcxOpYBtpD2kCM6Sbzg4CausW/PKQ=="
    },
    "node_modules/lodash.throttle": {
      "version": "4.1.1",
      "resolved": "https://registry.npmjs.org/lodash.throttle/-/lodash.throttle-4.1.1.tgz",
      "integrity": "sha512-wIkUCfVKpVsWo3JSZlc+8MB5it+2AN5W8J7YVMST30UrvcQNZ1Okbj+rbVniijTWE6FGYy4XJq/rHkas8qJMLQ=="
    },
    "node_modules/loose-envify": {
      "version": "1.4.0",
      "resolved": "https://registry.npmjs.org/loose-envify/-/loose-envify-1.4.0.tgz",
      "integrity": "sha512-lyuxPGr/Wfhrlem2CL/UcnUc1zcqKAImBDzukY7Y5F/yQiNdko6+fRLevlw1HgMySw7f611UIY408EtxRSoK3Q==",
      "dependencies": {
        "js-tokens": "^3.0.0 || ^4.0.0"
      },
      "bin": {
        "loose-envify": "cli.js"
      }
    },
    "node_modules/motion-dom": {
      "version": "11.18.1",
      "resolved": "https://registry.npmjs.org/motion-dom/-/motion-dom-11.18.1.tgz",
      "integrity": "sha512-g76KvA001z+atjfxczdRtw/RXOM3OMSdd1f4DL77qCTF/+avrRJiawSG4yDibEQ215sr9kpinSlX2pCTJ9zbhw==",
      "dependencies": {
        "motion-utils": "^11.18.1"
      }
    },
    "node_modules/motion-utils": {
      "version": "11.18.1",
      "resolved": "https://registry.npmjs.org/motion-utils/-/motion-utils-11.18.1.tgz",
      "integrity": "sha512-49Kt+HKjtbJKLtgO/LKj9Ld+6vw9BjH5d9sc40R/kVyH8GLAXgT42M2NnuPcJNuA3s9ZfZBUcwIgpmZWGEE+hA=="
    },
    "node_modules/next-tick": {
      "version": "1.1.0",
      "resolved": "https://registry.npmjs.org/next-tick/-/next-tick-1.1.0.tgz",
      "integrity": "sha512-CXdUiJembsNjuToQvxayPZF9Vqht7hewsvy2sOWafLvi2awflj9mOC6bHIg50orX8IJvWKY9wYQ/zB2kogPslQ=="
    },
    "node_modules/object-assign": {
      "version": "4.1.1",
      "resolved": "https://registry.npmjs.org/object-assign/-/object-assign-4.1.1.tgz",
      "integrity": "sha512-rJgTQnkUnH1sFw8yT6VSU3zD3sWmu6sZhIseY8VX+GRu3P6F7Fu+JNDoXfklElbLJSnc3FUQHVe4cU5hj+BcUg==",
      "engines": {
        "node": ">=0.10.0"
      }
    },
    "node_modules/particles-bg": {
      "version": "2.5.5",
      "resolved": "https://registry.npmjs.org/particles-bg/-/particles-bg-2.5.5.tgz",
      "integrity": "sha512-NzjgmayGwyvH/hGq437++nNc9qUCrsV1riX+m0+kuvbJSXStyUJ3hJocejNKtvOVuml0RfUp64pRt3UmmmAgsQ==",
      "dependencies": {
        "proton-engine": "^4.1.3",
        "raf-manager": "^0.3.0"
      },
      "engines": {
        "node": ">=8",
        "npm": ">=5"
      }
    },
    "node_modules/prop-types": {
      "version": "15.8.1",
      "resolved": "https://registry.npmjs.org/prop-types/-/prop-types-15.8.1.tgz",
      "integrity": "sha512-oj87CgZICdulUohogVAR7AjlC0327U4el4L6eAvOqCeudMDVU0NThNaV+b9Df4dXgSP1gXMTnPdhfe/2qDH5cg==",
      "dependencies": {
        "loose-envify": "^1.4.0",
        "object-assign": "^4.1.1",
        "react-is": "^16.13.1"
      }
    },
    "node_modules/proton-engine": {
      "version": "4.2.1",
      "resolved": "https://registry.npmjs.org/proton-engine/-/proton-engine-4.2.1.tgz",
      "integrity": "sha512-c72hgcnwMyyvUoy7Jq/HX3HQZnAo5MUNvFbyZHiWZrwcERX9+lYzM9YyT0iueXVAJpt+r8nrPan9F3HTXj7IsA=="
    },
    "node_modules/raf-manager": {
      "version": "0.3.0",
      "resolved": "https://registry.npmjs.org/raf-manager/-/raf-manager-0.3.0.tgz",
      "integrity": "sha512-qLpVgVlUmwtlY35zoyCQwLWMOpLkVtiItPd/RxouHAh80XZjoh84CF5pFBVyIIUWXubypSJi1OBJS4jM7onOng==",
      "dependencies": {
        "core-js": "^2.5.7",
        "es6-map": "^0.1.5"
      }
    },
    "node_modules/react": {
      "version": "18.3.1",
      "resolved": "https://registry.npmjs.org/react/-/react-18.3.1.tgz",
      "integrity": "sha512-wS+hAgJShR0KhEvPJArfuPVN1+Hz1t0Y6n5jLrGQbkb4urgPE/0Rve+1kMB1v/oWgHgm4WIcV+i7F2pTVj+2iQ==",
      "peer": true,
      "dependencies": {
        "loose-envify": "^1.1.0"
      },
      "engines": {
        "node": ">=0.10.0"
      }
    },
    "node_modules/react-chartjs": {
      "version": "1.2.0",
      "resolved": "https://registry.npmjs.org/react-chartjs/-/react-chartjs-1.2.0.tgz",
      "integrity": "sha512-Zhc47Jv8DwJwT3R5iyskRWoz5TEP3qloMlC758Oa+4THSxd/Qat4CIE23epY7XHzEuL5m6/hJIjD2iqLcO9rfw==",
      "dependencies": {
        "create-react-class": "^15.6.2"
      },
      "peerDependencies": {
        "chart.js": "^1.1.1",
        "react": "*",
        "react-dom": "*"
      }
    },
    "node_modules/react-dom": {
      "version": "18.3.1",
      "resolved": "https://registry.npmjs.org/react-dom/-/react-dom-18.3.1.tgz",
      "integrity": "sha512-5m4nQKp+rZRb09LNH59GM4BxTh9251/ylbKIbpe7TpGxfJ+9kv6BLkLBXIjjspbgbnIBNqlI23tRnTWT0snUIw==",
      "peer": true,
      "dependencies": {
        "loose-envify": "^1.1.0",
        "scheduler": "^0.23.2"
      },
      "peerDependencies": {
        "react": "^18.3.1"
      }
    },
    "node_modules/react-icons": {
      "version": "5.4.0",
      "resolved": "https://registry.npmjs.org/react-icons/-/react-icons-5.4.0.tgz",
      "integrity": "sha512-7eltJxgVt7X64oHh6wSWNwwbKTCtMfK35hcjvJS0yxEAhPM8oUKdS3+kqaW1vicIltw+kR2unHaa12S9pPALoQ==",
      "peerDependencies": {
        "react": "*"
      }
    },
    "node_modules/react-is": {
      "version": "16.13.1",
      "resolved": "https://registry.npmjs.org/react-is/-/react-is-16.13.1.tgz",
      "integrity": "sha512-24e6ynE2H+OKt4kqsOvNd8kBpV65zoxbA4BVsEOB3ARVWQki/DHzaUoC5KuON/BiccDaCCTZBuOcfZs70kR8bQ=="
    },
    "node_modules/react-router": {
      "version": "7.1.3",
      "resolved": "https://registry.npmjs.org/react-router/-/react-router-7.1.3.tgz",
      "integrity": "sha512-EezYymLY6Guk/zLQ2vRA8WvdUhWFEj5fcE3RfWihhxXBW7+cd1LsIiA3lmx+KCmneAGQuyBv820o44L2+TtkSA==",
      "dependencies": {
        "@types/cookie": "^0.6.0",
        "cookie": "^1.0.1",
        "set-cookie-parser": "^2.6.0",
        "turbo-stream": "2.4.0"
      },
      "engines": {
        "node": ">=20.0.0"
      },
      "peerDependencies": {
        "react": ">=18",
        "react-dom": ">=18"
      },
      "peerDependenciesMeta": {
        "react-dom": {
          "optional": true
        }
      }
    },
    "node_modules/react-router-dom": {
      "version": "7.1.3",
      "resolved": "https://registry.npmjs.org/react-router-dom/-/react-router-dom-7.1.3.tgz",
      "integrity": "sha512-qQGTE+77hleBzv9SIUIkGRvuFBQGagW+TQKy53UTZAO/3+YFNBYvRsNIZ1GT17yHbc63FylMOdS+m3oUriF1GA==",
      "dependencies": {
        "react-router": "7.1.3"
      },
      "engines": {
        "node": ">=20.0.0"
      },
      "peerDependencies": {
        "react": ">=18",
        "react-dom": ">=18"
      }
    },
    "node_modules/react-scroll": {
      "version": "1.9.0",
      "resolved": "https://registry.npmjs.org/react-scroll/-/react-scroll-1.9.0.tgz",
      "integrity": "sha512-mamNcaX9Ng+JeSbBu97nWwRhYvL2oba+xR2GxvyXsbDeGP+gkYIKZ+aDMMj/n20TbV9SCWm/H7nyuNTSiXA6yA==",
      "dependencies": {
        "lodash.throttle": "^4.1.1",
        "prop-types": "^15.7.2"
      },
      "peerDependencies": {
        "react": "^15.5.4 || ^16.0.0 || ^17.0.0 || ^18.0.0",
        "react-dom": "^15.5.4 || ^16.0.0 || ^17.0.0 || ^18.0.0"
      }
    },
    "node_modules/react-tsparticles": {
      "version": "2.12.2",
      "resolved": "https://registry.npmjs.org/react-tsparticles/-/react-tsparticles-2.12.2.tgz",
      "integrity": "sha512-/nrEbyL8UROXKIMXe+f+LZN2ckvkwV2Qa+GGe/H26oEIc+wq/ybSG9REDwQiSt2OaDQGu0MwmA4BKmkL6wAWcA==",
      "deprecated": "@tsparticles/react is the new version, please use that",
      "funding": [
        {
          "type": "github",
          "url": "https://github.com/sponsors/matteobruni"
        },
        {
          "type": "github",
          "url": "https://github.com/sponsors/tsparticles"
        },
        {
          "type": "buymeacoffee",
          "url": "https://www.buymeacoffee.com/matteobruni"
        }
      ],
      "hasInstallScript": true,
      "dependencies": {
        "tsparticles-engine": "^2.12.0"
      },
      "peerDependencies": {
        "react": ">=16"
      }
    },
    "node_modules/scheduler": {
      "version": "0.23.2",
      "resolved": "https://registry.npmjs.org/scheduler/-/scheduler-0.23.2.tgz",
      "integrity": "sha512-UOShsPwz7NrMUqhR6t0hWjFduvOzbtv7toDH1/hIrfRNIDBnnBWd0CwJTGvTpngVlmwGCdP9/Zl/tVrDqcuYzQ==",
      "peer": true,
      "dependencies": {
        "loose-envify": "^1.1.0"
      }
    },
    "node_modules/set-cookie-parser": {
      "version": "2.7.1",
      "resolved": "https://registry.npmjs.org/set-cookie-parser/-/set-cookie-parser-2.7.1.tgz",
      "integrity": "sha512-IOc8uWeOZgnb3ptbCURJWNjWUPcO3ZnTTdzsurqERrP6nPyv+paC55vJM0LpOlT2ne+Ix+9+CRG1MNLlyZ4GjQ=="
    },
    "node_modules/tslib": {
      "version": "2.8.1",
      "resolved": "https://registry.npmjs.org/tslib/-/tslib-2.8.1.tgz",
      "integrity": "sha512-oJFu94HQb+KVduSUQL7wnpmqnfmLsOA/nAh6b6EH0wCEoK0/mPeXU6c3wKDV83MkOuHPRHtSXKKU99IBazS/2w=="
    },
    "node_modules/tsparticles": {
      "version": "3.7.1",
      "resolved": "https://registry.npmjs.org/tsparticles/-/tsparticles-3.7.1.tgz",
      "integrity": "sha512-NNkOYIo01eHpDuaJxDCGgcLEMZKEJTCN/XPVCLg7VxgEWN19rjXpDnDguISxadS8GSFPws7hpGgbeDDAm3MX+Q==",
      "funding": [
        {
          "type": "github",
          "url": "https://github.com/sponsors/matteobruni"
        },
        {
          "type": "github",
          "url": "https://github.com/sponsors/tsparticles"
        },
        {
          "type": "buymeacoffee",
          "url": "https://www.buymeacoffee.com/matteobruni"
        }
      ],
      "dependencies": {
        "@tsparticles/engine": "3.7.1",
        "@tsparticles/interaction-external-trail": "3.7.1",
        "@tsparticles/plugin-absorbers": "3.7.1",
        "@tsparticles/plugin-emitters": "3.7.1",
        "@tsparticles/plugin-emitters-shape-circle": "3.7.1",
        "@tsparticles/plugin-emitters-shape-square": "3.7.1",
        "@tsparticles/shape-text": "3.7.1",
        "@tsparticles/slim": "3.7.1",
        "@tsparticles/updater-destroy": "3.7.1",
        "@tsparticles/updater-roll": "3.7.1",
        "@tsparticles/updater-tilt": "3.7.1",
        "@tsparticles/updater-twinkle": "3.7.1",
        "@tsparticles/updater-wobble": "3.7.1"
      }
    },
    "node_modules/tsparticles-engine": {
      "version": "2.12.0",
      "resolved": "https://registry.npmjs.org/tsparticles-engine/-/tsparticles-engine-2.12.0.tgz",
      "integrity": "sha512-ZjDIYex6jBJ4iMc9+z0uPe7SgBnmb6l+EJm83MPIsOny9lPpetMsnw/8YJ3xdxn8hV+S3myTpTN1CkOVmFv0QQ==",
      "deprecated": "starting from tsparticles v3 the packages are now moved to @tsparticles/package-name instead of tsparticles-package-name",
      "funding": [
        {
          "type": "github",
          "url": "https://github.com/sponsors/matteobruni"
        },
        {
          "type": "github",
          "url": "https://github.com/sponsors/tsparticles"
        },
        {
          "type": "buymeacoffee",
          "url": "https://www.buymeacoffee.com/matteobruni"
        }
      ],
      "hasInstallScript": true
    },
    "node_modules/turbo-stream": {
      "version": "2.4.0",
      "resolved": "https://registry.npmjs.org/turbo-stream/-/turbo-stream-2.4.0.tgz",
      "integrity": "sha512-FHncC10WpBd2eOmGwpmQsWLDoK4cqsA/UT/GqNoaKOQnT8uzhtCbg3EoUDMvqpOSAI0S26mr0rkjzbOO6S3v1g=="
    },
    "node_modules/type": {
      "version": "2.7.3",
      "resolved": "https://registry.npmjs.org/type/-/type-2.7.3.tgz",
      "integrity": "sha512-8j+1QmAbPvLZow5Qpi6NCaN8FB60p/6x8/vfNqOk/hC+HuvFZhL4+WfekuhQLiqFZXOgQdrs3B+XxEmCc6b3FQ=="
    }
  }
}
